
Microsoft Visual Studio Solution File, Format Version 12.00
# Visual Studio Version 17
VisualStudioVersion = 17.2.32505.173
MinimumVisualStudioVersion = 10.0.40219.1
Project("{8BC9CEB8-8B4A-11D0-8D11-00A0C91BC942}") = "U_Simple", "U_Simple\U_Simple.vcxproj", "{51DB8985-46D2-4AE8-9885-C675C4A5F4DF}"
EndProject
Project("{8BC9CEB8-8B4A-11D0-8D11-00A0C91BC942}") = "D_NDIS", "D_NDIS\D_NDIS.vcxproj", "{E4F71CDD-BF08-4991-A2ED-66F8EC9AE378}"
EndProject
Project("{8BC9CEB8-8B4A-11D0-8D11-00A0C91BC942}") = "U_XDMA_H2C", "U_XDMA_H2C\U_XDMA_H2C.vcxproj", "{06229EEB-393B-4622-8B74-5F63578FA3E1}"
EndProject
Project("{8BC9CEB8-8B4A-11D0-8D11-00A0C91BC942}") = "U_XDMA_C2H", "U_XDMA_C2H\U_XDMA_C2H.vcxproj", "{70DB95B8-81E0-4A9A-A78E-4A1A5C1D2294}"
EndProject
Project("{8BC9CEB8-8B4A-11D0-8D11-00A0C91BC942}") = "U_BAR", "U_BAR\U_BAR.vcxproj", "{2CF1970C-AC5A-48BE-8DE6-4551DFC2A591}"
EndProject
Global
	GlobalSection(SolutionConfigurationPlatforms) = preSolution
		Debug|x64 = Debug|x64
		Debug|x86 = Debug|x86
		Release|x64 = Release|x64
		Release|x86 = Release|x86
	EndGlobalSection
	GlobalSection(ProjectConfigurationPlatforms) = postSolution
		{51DB8985-46D2-4AE8-9885-C675C4A5F4DF}.Debug|x64.ActiveCfg = Debug|x64
		{51DB8985-46D2-4AE8-9885-C675C4A5F4DF}.Debug|x64.Build.0 = Debug|x64
		{51DB8985-46D2-4AE8-9885-C675C4A5F4DF}.Debug|x86.ActiveCfg = Debug|Win32
		{51DB8985-46D2-4AE8-9885-C675C4A5F4DF}.Debug|x86.Build.0 = Debug|Win32
		{51DB8985-46D2-4AE8-9885-C675C4A5F4DF}.Release|x64.ActiveCfg = Release|x64
		{51DB8985-46D2-4AE8-9885-C675C4A5F4DF}.Release|x64.Build.0 = Release|x64
		{51DB8985-46D2-4AE8-9885-C675C4A5F4DF}.Release|x86.ActiveCfg = Release|Win32
		{51DB8985-46D2-4AE8-9885-C675C4A5F4DF}.Release|x86.Build.0 = Release|Win32
		{E4F71CDD-BF08-4991-A2ED-66F8EC9AE378}.Debug|x64.ActiveCfg = Debug|x64
		{E4F71CDD-BF08-4991-A2ED-66F8EC9AE378}.Debug|x64.Build.0 = Debug|x64
		{E4F71CDD-BF08-4991-A2ED-66F8EC9AE378}.Debug|x64.Deploy.0 = Debug|x64
		{E4F71CDD-BF08-4991-A2ED-66F8EC9AE378}.Debug|x86.ActiveCfg = Debug|x64
		{E4F71CDD-BF08-4991-A2ED-66F8EC9AE378}.Debug|x86.Build.0 = Debug|x64
		{E4F71CDD-BF08-4991-A2ED-66F8EC9AE378}.Debug|x86.Deploy.0 = Debug|x64
		{E4F71CDD-BF08-4991-A2ED-66F8EC9AE378}.Release|x64.ActiveCfg = Release|x64
		{E4F71CDD-BF08-4991-A2ED-66F8EC9AE378}.Release|x64.Build.0 = Release|x64
		{E4F71CDD-BF08-4991-A2ED-66F8EC9AE378}.Release|x64.Deploy.0 = Release|x64
		{E4F71CDD-BF08-4991-A2ED-66F8EC9AE378}.Release|x86.ActiveCfg = Release|x64
		{E4F71CDD-BF08-4991-A2ED-66F8EC9AE378}.Release|x86.Build.0 = Release|x64
		{E4F71CDD-BF08-4991-A2ED-66F8EC9AE378}.Release|x86.Deploy.0 = Release|x64
		{06229EEB-393B-4622-8B74-5F63578FA3E1}.Debug|x64.ActiveCfg = Debug|x64
		{06229EEB-393B-4622-8B74-5F63578FA3E1}.Debug|x64.Build.0 = Debug|x64
		{06229EEB-393B-4622-8B74-5F63578FA3E1}.Debug|x86.ActiveCfg = Debug|Win32
		{06229EEB-393B-4622-8B74-5F63578FA3E1}.Debug|x86.Build.0 = Debug|Win32
		{06229EEB-393B-4622-8B74-5F63578FA3E1}.Release|x64.ActiveCfg = Release|x64
		{06229EEB-393B-4622-8B74-5F63578FA3E1}.Release|x64.Build.0 = Release|x64
		{06229EEB-393B-4622-8B74-5F63578FA3E1}.Release|x86.ActiveCfg = Release|Win32
		{06229EEB-393B-4622-8B74-5F63578FA3E1}.Release|x86.Build.0 = Release|Win32
		{70DB95B8-81E0-4A9A-A78E-4A1A5C1D2294}.Debug|x64.ActiveCfg = Debug|x64
		{70DB95B8-81E0-4A9A-A78E-4A1A5C1D2294}.Debug|x64.Build.0 = Debug|x64
		{70DB95B8-81E0-4A9A-A78E-4A1A5C1D2294}.Debug|x86.ActiveCfg = Debug|Win32
		{70DB95B8-81E0-4A9A-A78E-4A1A5C1D2294}.Debug|x86.Build.0 = Debug|Win32
		{70DB95B8-81E0-4A9A-A78E-4A1A5C1D2294}.Release|x64.ActiveCfg = Release|x64
		{70DB95B8-81E0-4A9A-A78E-4A1A5C1D2294}.Release|x64.Build.0 = Release|x64
		{70DB95B8-81E0-4A9A-A78E-4A1A5C1D2294}.Release|x86.ActiveCfg = Release|Win32
		{70DB95B8-81E0-4A9A-A78E-4A1A5C1D2294}.Release|x86.Build.0 = Release|Win32
		{2CF1970C-AC5A-48BE-8DE6-4551DFC2A591}.Debug|x64.ActiveCfg = Debug|x64
		{2CF1970C-AC5A-48BE-8DE6-4551DFC2A591}.Debug|x64.Build.0 = Debug|x64
		{2CF1970C-AC5A-48BE-8DE6-4551DFC2A591}.Debug|x86.ActiveCfg = Debug|Win32
		{2CF1970C-AC5A-48BE-8DE6-4551DFC2A591}.Debug|x86.Build.0 = Debug|Win32
		{2CF1970C-AC5A-48BE-8DE6-4551DFC2A591}.Release|x64.ActiveCfg = Release|x64
		{2CF1970C-AC5A-48BE-8DE6-4551DFC2A591}.Release|x64.Build.0 = Release|x64
		{2CF1970C-AC5A-48BE-8DE6-4551DFC2A591}.Release|x86.ActiveCfg = Release|Win32
		{2CF1970C-AC5A-48BE-8DE6-4551DFC2A591}.Release|x86.Build.0 = Release|Win32
	EndGlobalSection
	GlobalSection(SolutionProperties) = preSolution
		HideSolutionNode = FALSE
	EndGlobalSection
	GlobalSection(ExtensibilityGlobals) = postSolution
		SolutionGuid = {2A8ED2FF-E52C-4123-944C-DAAFC38EDB23}
	EndGlobalSection
EndGlobal
